
Microsoft Visual Studio Solution File, Format Version 12.00
# Visual Studio 15
VisualStudioVersion = 15.0.28307.489
MinimumVisualStudioVersion = 10.0.40219.1
Project("{FAE04EC0-301F-11D3-BF4B-00C04F79EFBC}") = "AnalisadorLéxico", "AnalisadorLéxico\AnalisadorLéxico.csproj", "{7D75039F-BBD2-4FC5-B504-9F25E1E83036}"
EndProject
Global
	GlobalSection(SolutionConfigurationPlatforms) = preSolution
		Debug|Any CPU = Debug|Any CPU
		Release|Any CPU = Release|Any CPU
	EndGlobalSection
	GlobalSection(ProjectConfigurationPlatforms) = postSolution
		{7D75039F-BBD2-4FC5-B504-9F25E1E83036}.Debug|Any CPU.ActiveCfg = Debug|Any CPU
		{7D75039F-BBD2-4FC5-B504-9F25E1E83036}.Debug|Any CPU.Build.0 = Debug|Any CPU
		{7D75039F-BBD2-4FC5-B504-9F25E1E83036}.Release|Any CPU.ActiveCfg = Release|Any CPU
		{7D75039F-BBD2-4FC5-B504-9F25E1E83036}.Release|Any CPU.Build.0 = Release|Any CPU
	EndGlobalSection
	GlobalSection(SolutionProperties) = preSolution
		HideSolutionNode = FALSE
	EndGlobalSection
	GlobalSection(ExtensibilityGlobals) = postSolution
		SolutionGuid = {BB355DAF-D521-42FC-82EC-850AF4C2DF1C}
	EndGlobalSection
EndGlobal
